
Microsoft Visual Studio Solution File, Format Version 12.00
# Visual Studio Version 17
VisualStudioVersion = 17.5.2.0
MinimumVisualStudioVersion = 10.0.40219.1
Project("{FAE04EC0-301F-11D3-BF4B-00C04F79EFBC}") = "csharp_playground", "csharp_playground.csproj", "{3EA1B21F-E2FA-88B8-BF43-8359D5B42F3C}"
EndProject
Project("{FAE04EC0-301F-11D3-BF4B-00C04F79EFBC}") = "Box2DTest", "Box2DTest\Box2DTest.csproj", "{FD8B21F4-A09F-47E2-978B-0E85C7FED7D0}"
EndProject
Global
	GlobalSection(SolutionConfigurationPlatforms) = preSolution
		Debug|Any CPU = Debug|Any CPU
		Debug|x64 = Debug|x64
		Debug|x86 = Debug|x86
		Release|Any CPU = Release|Any CPU
		Release|x64 = Release|x64
		Release|x86 = Release|x86
	EndGlobalSection
	GlobalSection(ProjectConfigurationPlatforms) = postSolution
		{3EA1B21F-E2FA-88B8-BF43-8359D5B42F3C}.Debug|Any CPU.ActiveCfg = Debug|Any CPU
		{3EA1B21F-E2FA-88B8-BF43-8359D5B42F3C}.Debug|Any CPU.Build.0 = Debug|Any CPU
		{3EA1B21F-E2FA-88B8-BF43-8359D5B42F3C}.Debug|x64.ActiveCfg = Debug|Any CPU
		{3EA1B21F-E2FA-88B8-BF43-8359D5B42F3C}.Debug|x64.Build.0 = Debug|Any CPU
		{3EA1B21F-E2FA-88B8-BF43-8359D5B42F3C}.Debug|x86.ActiveCfg = Debug|Any CPU
		{3EA1B21F-E2FA-88B8-BF43-8359D5B42F3C}.Debug|x86.Build.0 = Debug|Any CPU
		{3EA1B21F-E2FA-88B8-BF43-8359D5B42F3C}.Release|Any CPU.ActiveCfg = Release|Any CPU
		{3EA1B21F-E2FA-88B8-BF43-8359D5B42F3C}.Release|Any CPU.Build.0 = Release|Any CPU
		{3EA1B21F-E2FA-88B8-BF43-8359D5B42F3C}.Release|x64.ActiveCfg = Release|Any CPU
		{3EA1B21F-E2FA-88B8-BF43-8359D5B42F3C}.Release|x64.Build.0 = Release|Any CPU
		{3EA1B21F-E2FA-88B8-BF43-8359D5B42F3C}.Release|x86.ActiveCfg = Release|Any CPU
		{3EA1B21F-E2FA-88B8-BF43-8359D5B42F3C}.Release|x86.Build.0 = Release|Any CPU
		{FD8B21F4-A09F-47E2-978B-0E85C7FED7D0}.Debug|Any CPU.ActiveCfg = Debug|Any CPU
		{FD8B21F4-A09F-47E2-978B-0E85C7FED7D0}.Debug|Any CPU.Build.0 = Debug|Any CPU
		{FD8B21F4-A09F-47E2-978B-0E85C7FED7D0}.Debug|x64.ActiveCfg = Debug|Any CPU
		{FD8B21F4-A09F-47E2-978B-0E85C7FED7D0}.Debug|x64.Build.0 = Debug|Any CPU
		{FD8B21F4-A09F-47E2-978B-0E85C7FED7D0}.Debug|x86.ActiveCfg = Debug|Any CPU
		{FD8B21F4-A09F-47E2-978B-0E85C7FED7D0}.Debug|x86.Build.0 = Debug|Any CPU
		{FD8B21F4-A09F-47E2-978B-0E85C7FED7D0}.Release|Any CPU.ActiveCfg = Release|Any CPU
		{FD8B21F4-A09F-47E2-978B-0E85C7FED7D0}.Release|Any CPU.Build.0 = Release|Any CPU
		{FD8B21F4-A09F-47E2-978B-0E85C7FED7D0}.Release|x64.ActiveCfg = Release|Any CPU
		{FD8B21F4-A09F-47E2-978B-0E85C7FED7D0}.Release|x64.Build.0 = Release|Any CPU
		{FD8B21F4-A09F-47E2-978B-0E85C7FED7D0}.Release|x86.ActiveCfg = Release|Any CPU
		{FD8B21F4-A09F-47E2-978B-0E85C7FED7D0}.Release|x86.Build.0 = Release|Any CPU
	EndGlobalSection
	GlobalSection(SolutionProperties) = preSolution
		HideSolutionNode = FALSE
	EndGlobalSection
	GlobalSection(ExtensibilityGlobals) = postSolution
		SolutionGuid = {79502E32-3CB4-4F53-834B-B4EC6E78E502}
	EndGlobalSection
EndGlobal
